
Microsoft Visual Studio Solution File, Format Version 12.00
# Visual Studio Version 16
VisualStudioVersion = 16.0.29424.173
MinimumVisualStudioVersion = 10.0.40219.1
Project("{FAE04EC0-301F-11D3-BF4B-00C04F79EFBC}") = "NetCoreOpenSource", "NetCoreOpenSource\NetCoreOpenSource.csproj", "{F6836725-2C7F-424C-BDA4-D1A9B0066264}"
EndProject
Project("{FAE04EC0-301F-11D3-BF4B-00C04F79EFBC}") = "Build", "Build\Build.csproj", "{52EDE051-A52C-418F-AA20-953F426B16AB}"
EndProject
Global
	GlobalSection(SolutionConfigurationPlatforms) = preSolution
		Debug|Any CPU = Debug|Any CPU
		Release|Any CPU = Release|Any CPU
	EndGlobalSection
	GlobalSection(ProjectConfigurationPlatforms) = postSolution
		{F6836725-2C7F-424C-BDA4-D1A9B0066264}.Debug|Any CPU.ActiveCfg = Debug|Any CPU
		{F6836725-2C7F-424C-BDA4-D1A9B0066264}.Debug|Any CPU.Build.0 = Debug|Any CPU
		{F6836725-2C7F-424C-BDA4-D1A9B0066264}.Release|Any CPU.ActiveCfg = Release|Any CPU
		{F6836725-2C7F-424C-BDA4-D1A9B0066264}.Release|Any CPU.Build.0 = Release|Any CPU
		{52EDE051-A52C-418F-AA20-953F426B16AB}.Debug|Any CPU.ActiveCfg = Debug|Any CPU
		{52EDE051-A52C-418F-AA20-953F426B16AB}.Debug|Any CPU.Build.0 = Debug|Any CPU
		{52EDE051-A52C-418F-AA20-953F426B16AB}.Release|Any CPU.ActiveCfg = Release|Any CPU
		{52EDE051-A52C-418F-AA20-953F426B16AB}.Release|Any CPU.Build.0 = Release|Any CPU
	EndGlobalSection
	GlobalSection(SolutionProperties) = preSolution
		HideSolutionNode = FALSE
	EndGlobalSection
	GlobalSection(ExtensibilityGlobals) = postSolution
		SolutionGuid = {4D32D77E-548F-4F73-B5BD-3881609BA752}
	EndGlobalSection
EndGlobal
