
Microsoft Visual Studio Solution File, Format Version 12.00
# Visual Studio 15
VisualStudioVersion = 15.0.26730.16
MinimumVisualStudioVersion = 10.0.40219.1
Project("{FAE04EC0-301F-11D3-BF4B-00C04F79EFBC}") = "WebApplication1", "WebApplication1\WebApplication1.csproj", "{18311EA6-4DB7-45AF-913A-2D248E9B1188}"
EndProject
Project("{9A19103F-16F7-4668-BE54-9A1E7A4F7556}") = "BuildScript", "BuildScript.csproj", "{358C2DF5-7734-44E9-82DB-DF5559EBD1FE}"
EndProject
Global
	GlobalSection(SolutionConfigurationPlatforms) = preSolution
		Debug|Any CPU = Debug|Any CPU
		Release|Any CPU = Release|Any CPU
	EndGlobalSection
	GlobalSection(ProjectConfigurationPlatforms) = postSolution
		{18311EA6-4DB7-45AF-913A-2D248E9B1188}.Debug|Any CPU.ActiveCfg = Debug|Any CPU
		{18311EA6-4DB7-45AF-913A-2D248E9B1188}.Debug|Any CPU.Build.0 = Debug|Any CPU
		{18311EA6-4DB7-45AF-913A-2D248E9B1188}.Release|Any CPU.ActiveCfg = Release|Any CPU
		{18311EA6-4DB7-45AF-913A-2D248E9B1188}.Release|Any CPU.Build.0 = Release|Any CPU
		{358C2DF5-7734-44E9-82DB-DF5559EBD1FE}.Debug|Any CPU.ActiveCfg = Debug|Any CPU
		{358C2DF5-7734-44E9-82DB-DF5559EBD1FE}.Debug|Any CPU.Build.0 = Debug|Any CPU
		{358C2DF5-7734-44E9-82DB-DF5559EBD1FE}.Release|Any CPU.ActiveCfg = Release|Any CPU
		{358C2DF5-7734-44E9-82DB-DF5559EBD1FE}.Release|Any CPU.Build.0 = Release|Any CPU
	EndGlobalSection
	GlobalSection(SolutionProperties) = preSolution
		HideSolutionNode = FALSE
	EndGlobalSection
	GlobalSection(ExtensibilityGlobals) = postSolution
		SolutionGuid = {428695B1-3B42-4882-840D-87ACBB194F94}
	EndGlobalSection
EndGlobal
