
Microsoft Visual Studio Solution File, Format Version 12.00
# Visual Studio 15
VisualStudioVersion = 15.0.26403.3
MinimumVisualStudioVersion = 10.0.40219.1
Project("{FAE04EC0-301F-11D3-BF4B-00C04F79EFBC}") = "FlubuExample", "FlubuExample\FlubuExample.csproj", "{B073DE1D-453F-4437-9003-20A8DD3AD455}"
EndProject
Project("{9A19103F-16F7-4668-BE54-9A1E7A4F7556}") = "BuildScript", "BuildScript.csproj", "{13796F1A-ABA3-40CB-874F-11238F37BCC5}"
EndProject
Project("{9A19103F-16F7-4668-BE54-9A1E7A4F7556}") = "FlubuExample.Tests", "FlubuExample.Tests\FlubuExample.Tests.csproj", "{AB097716-56D5-4B88-80D6-7A0F999FEA26}"
EndProject
Project("{9A19103F-16F7-4668-BE54-9A1E7A4F7556}") = "FlubuExample.Tests2", "FlubuExample.Tests2\FlubuExample.Tests2.csproj", "{B4C0065E-C886-41B0-97C5-C18B048BCDB2}"
EndProject
Global
	GlobalSection(SolutionConfigurationPlatforms) = preSolution
		Debug|Any CPU = Debug|Any CPU
		Debug|x64 = Debug|x64
		Debug|x86 = Debug|x86
		Release|Any CPU = Release|Any CPU
		Release|x64 = Release|x64
		Release|x86 = Release|x86
	EndGlobalSection
	GlobalSection(ProjectConfigurationPlatforms) = postSolution
		{B073DE1D-453F-4437-9003-20A8DD3AD455}.Debug|Any CPU.ActiveCfg = Debug|Any CPU
		{B073DE1D-453F-4437-9003-20A8DD3AD455}.Debug|Any CPU.Build.0 = Debug|Any CPU
		{B073DE1D-453F-4437-9003-20A8DD3AD455}.Debug|x64.ActiveCfg = Debug|Any CPU
		{B073DE1D-453F-4437-9003-20A8DD3AD455}.Debug|x64.Build.0 = Debug|Any CPU
		{B073DE1D-453F-4437-9003-20A8DD3AD455}.Debug|x86.ActiveCfg = Debug|Any CPU
		{B073DE1D-453F-4437-9003-20A8DD3AD455}.Debug|x86.Build.0 = Debug|Any CPU
		{B073DE1D-453F-4437-9003-20A8DD3AD455}.Release|Any CPU.ActiveCfg = Release|Any CPU
		{B073DE1D-453F-4437-9003-20A8DD3AD455}.Release|Any CPU.Build.0 = Release|Any CPU
		{B073DE1D-453F-4437-9003-20A8DD3AD455}.Release|x64.ActiveCfg = Release|Any CPU
		{B073DE1D-453F-4437-9003-20A8DD3AD455}.Release|x64.Build.0 = Release|Any CPU
		{B073DE1D-453F-4437-9003-20A8DD3AD455}.Release|x86.ActiveCfg = Release|Any CPU
		{B073DE1D-453F-4437-9003-20A8DD3AD455}.Release|x86.Build.0 = Release|Any CPU
		{13796F1A-ABA3-40CB-874F-11238F37BCC5}.Debug|Any CPU.ActiveCfg = Debug|Any CPU
		{13796F1A-ABA3-40CB-874F-11238F37BCC5}.Debug|Any CPU.Build.0 = Debug|Any CPU
		{13796F1A-ABA3-40CB-874F-11238F37BCC5}.Debug|x64.ActiveCfg = Debug|Any CPU
		{13796F1A-ABA3-40CB-874F-11238F37BCC5}.Debug|x64.Build.0 = Debug|Any CPU
		{13796F1A-ABA3-40CB-874F-11238F37BCC5}.Debug|x86.ActiveCfg = Debug|Any CPU
		{13796F1A-ABA3-40CB-874F-11238F37BCC5}.Debug|x86.Build.0 = Debug|Any CPU
		{13796F1A-ABA3-40CB-874F-11238F37BCC5}.Release|Any CPU.ActiveCfg = Release|Any CPU
		{13796F1A-ABA3-40CB-874F-11238F37BCC5}.Release|Any CPU.Build.0 = Release|Any CPU
		{13796F1A-ABA3-40CB-874F-11238F37BCC5}.Release|x64.ActiveCfg = Release|Any CPU
		{13796F1A-ABA3-40CB-874F-11238F37BCC5}.Release|x64.Build.0 = Release|Any CPU
		{13796F1A-ABA3-40CB-874F-11238F37BCC5}.Release|x86.ActiveCfg = Release|Any CPU
		{13796F1A-ABA3-40CB-874F-11238F37BCC5}.Release|x86.Build.0 = Release|Any CPU
		{AB097716-56D5-4B88-80D6-7A0F999FEA26}.Debug|Any CPU.ActiveCfg = Debug|Any CPU
		{AB097716-56D5-4B88-80D6-7A0F999FEA26}.Debug|Any CPU.Build.0 = Debug|Any CPU
		{AB097716-56D5-4B88-80D6-7A0F999FEA26}.Debug|x64.ActiveCfg = Debug|Any CPU
		{AB097716-56D5-4B88-80D6-7A0F999FEA26}.Debug|x64.Build.0 = Debug|Any CPU
		{AB097716-56D5-4B88-80D6-7A0F999FEA26}.Debug|x86.ActiveCfg = Debug|Any CPU
		{AB097716-56D5-4B88-80D6-7A0F999FEA26}.Debug|x86.Build.0 = Debug|Any CPU
		{AB097716-56D5-4B88-80D6-7A0F999FEA26}.Release|Any CPU.ActiveCfg = Release|Any CPU
		{AB097716-56D5-4B88-80D6-7A0F999FEA26}.Release|Any CPU.Build.0 = Release|Any CPU
		{AB097716-56D5-4B88-80D6-7A0F999FEA26}.Release|x64.ActiveCfg = Release|Any CPU
		{AB097716-56D5-4B88-80D6-7A0F999FEA26}.Release|x64.Build.0 = Release|Any CPU
		{AB097716-56D5-4B88-80D6-7A0F999FEA26}.Release|x86.ActiveCfg = Release|Any CPU
		{AB097716-56D5-4B88-80D6-7A0F999FEA26}.Release|x86.Build.0 = Release|Any CPU
		{B4C0065E-C886-41B0-97C5-C18B048BCDB2}.Debug|Any CPU.ActiveCfg = Debug|Any CPU
		{B4C0065E-C886-41B0-97C5-C18B048BCDB2}.Debug|Any CPU.Build.0 = Debug|Any CPU
		{B4C0065E-C886-41B0-97C5-C18B048BCDB2}.Debug|x64.ActiveCfg = Debug|Any CPU
		{B4C0065E-C886-41B0-97C5-C18B048BCDB2}.Debug|x64.Build.0 = Debug|Any CPU
		{B4C0065E-C886-41B0-97C5-C18B048BCDB2}.Debug|x86.ActiveCfg = Debug|Any CPU
		{B4C0065E-C886-41B0-97C5-C18B048BCDB2}.Debug|x86.Build.0 = Debug|Any CPU
		{B4C0065E-C886-41B0-97C5-C18B048BCDB2}.Release|Any CPU.ActiveCfg = Release|Any CPU
		{B4C0065E-C886-41B0-97C5-C18B048BCDB2}.Release|Any CPU.Build.0 = Release|Any CPU
		{B4C0065E-C886-41B0-97C5-C18B048BCDB2}.Release|x64.ActiveCfg = Release|Any CPU
		{B4C0065E-C886-41B0-97C5-C18B048BCDB2}.Release|x64.Build.0 = Release|Any CPU
		{B4C0065E-C886-41B0-97C5-C18B048BCDB2}.Release|x86.ActiveCfg = Release|Any CPU
		{B4C0065E-C886-41B0-97C5-C18B048BCDB2}.Release|x86.Build.0 = Release|Any CPU
	EndGlobalSection
	GlobalSection(SolutionProperties) = preSolution
		HideSolutionNode = FALSE
	EndGlobalSection
EndGlobal
